
Microsoft Visual Studio Solution File, Format Version 12.00
# Visual Studio Version 16
VisualStudioVersion = 16.0.30621.155
MinimumVisualStudioVersion = 10.0.40219.1
Project("{FAE04EC0-301F-11D3-BF4B-00C04F79EFBC}") = "E_ticaret", "E_ticaret\E_ticaret.csproj", "{F32A7D0E-CBE2-41F5-8547-1EA1771EC6A1}"
EndProject
Global
	GlobalSection(SolutionConfigurationPlatforms) = preSolution
		Debug|Any CPU = Debug|Any CPU
		Release|Any CPU = Release|Any CPU
	EndGlobalSection
	GlobalSection(ProjectConfigurationPlatforms) = postSolution
		{F32A7D0E-CBE2-41F5-8547-1EA1771EC6A1}.Debug|Any CPU.ActiveCfg = Debug|Any CPU
		{F32A7D0E-CBE2-41F5-8547-1EA1771EC6A1}.Debug|Any CPU.Build.0 = Debug|Any CPU
		{F32A7D0E-CBE2-41F5-8547-1EA1771EC6A1}.Release|Any CPU.ActiveCfg = Release|Any CPU
		{F32A7D0E-CBE2-41F5-8547-1EA1771EC6A1}.Release|Any CPU.Build.0 = Release|Any CPU
	EndGlobalSection
	GlobalSection(SolutionProperties) = preSolution
		HideSolutionNode = FALSE
	EndGlobalSection
	GlobalSection(ExtensibilityGlobals) = postSolution
		SolutionGuid = {4677F9E9-761F-47C0-A91A-BCCAF9FFCFA8}
	EndGlobalSection
EndGlobal
